
Microsoft Visual Studio Solution File, Format Version 12.00
# Visual Studio 15
VisualStudioVersion = 15.0.28307.705
MinimumVisualStudioVersion = 10.0.40219.1
Project("{9A19103F-16F7-4668-BE54-9A1E7A4F7556}") = "ProjectManagement.WebUI", "BlogApp.WebUI\ProjectManagement.WebUI.csproj", "{137C42BA-E5E5-442D-80F1-B78FD9BCF6D6}"
EndProject
Project("{9A19103F-16F7-4668-BE54-9A1E7A4F7556}") = "ProjectManagement.Entity", "BlogApp.Entity\ProjectManagement.Entity.csproj", "{B2055C97-2EF4-42A5-90B2-A02405E45F12}"
EndProject
Project("{9A19103F-16F7-4668-BE54-9A1E7A4F7556}") = "ProjectManagement.Data", "BlogApp.Data\ProjectManagement.Data.csproj", "{56F97904-511F-4478-B6AC-052098F76806}"
EndProject
Global
	GlobalSection(SolutionConfigurationPlatforms) = preSolution
		Debug|Any CPU = Debug|Any CPU
		Release|Any CPU = Release|Any CPU
	EndGlobalSection
	GlobalSection(ProjectConfigurationPlatforms) = postSolution
		{137C42BA-E5E5-442D-80F1-B78FD9BCF6D6}.Debug|Any CPU.ActiveCfg = Debug|Any CPU
		{137C42BA-E5E5-442D-80F1-B78FD9BCF6D6}.Debug|Any CPU.Build.0 = Debug|Any CPU
		{137C42BA-E5E5-442D-80F1-B78FD9BCF6D6}.Release|Any CPU.ActiveCfg = Release|Any CPU
		{137C42BA-E5E5-442D-80F1-B78FD9BCF6D6}.Release|Any CPU.Build.0 = Release|Any CPU
		{B2055C97-2EF4-42A5-90B2-A02405E45F12}.Debug|Any CPU.ActiveCfg = Debug|Any CPU
		{B2055C97-2EF4-42A5-90B2-A02405E45F12}.Debug|Any CPU.Build.0 = Debug|Any CPU
		{B2055C97-2EF4-42A5-90B2-A02405E45F12}.Release|Any CPU.ActiveCfg = Release|Any CPU
		{B2055C97-2EF4-42A5-90B2-A02405E45F12}.Release|Any CPU.Build.0 = Release|Any CPU
		{56F97904-511F-4478-B6AC-052098F76806}.Debug|Any CPU.ActiveCfg = Debug|Any CPU
		{56F97904-511F-4478-B6AC-052098F76806}.Debug|Any CPU.Build.0 = Debug|Any CPU
		{56F97904-511F-4478-B6AC-052098F76806}.Release|Any CPU.ActiveCfg = Release|Any CPU
		{56F97904-511F-4478-B6AC-052098F76806}.Release|Any CPU.Build.0 = Release|Any CPU
	EndGlobalSection
	GlobalSection(SolutionProperties) = preSolution
		HideSolutionNode = FALSE
	EndGlobalSection
	GlobalSection(ExtensibilityGlobals) = postSolution
		SolutionGuid = {038B7ADC-1DFF-4158-838A-2D71DD894D7A}
	EndGlobalSection
EndGlobal
